
Microsoft Visual Studio Solution File, Format Version 12.00
# Visual Studio Version 16
VisualStudioVersion = 16.0.31321.278
MinimumVisualStudioVersion = 10.0.40219.1
Project("{FAE04EC0-301F-11D3-BF4B-00C04F79EFBC}") = "MyTestApp2", "MyTestApp2\MyTestApp2.csproj", "{77B313A3-B01E-4CB5-9E24-4E721F74A2B2}"
EndProject
Global
	GlobalSection(SolutionConfigurationPlatforms) = preSolution
		Debug|Any CPU = Debug|Any CPU
		Release|Any CPU = Release|Any CPU
	EndGlobalSection
	GlobalSection(ProjectConfigurationPlatforms) = postSolution
		{77B313A3-B01E-4CB5-9E24-4E721F74A2B2}.Debug|Any CPU.ActiveCfg = Debug|Any CPU
		{77B313A3-B01E-4CB5-9E24-4E721F74A2B2}.Debug|Any CPU.Build.0 = Debug|Any CPU
		{77B313A3-B01E-4CB5-9E24-4E721F74A2B2}.Release|Any CPU.ActiveCfg = Release|Any CPU
		{77B313A3-B01E-4CB5-9E24-4E721F74A2B2}.Release|Any CPU.Build.0 = Release|Any CPU
	EndGlobalSection
	GlobalSection(SolutionProperties) = preSolution
		HideSolutionNode = FALSE
	EndGlobalSection
	GlobalSection(ExtensibilityGlobals) = postSolution
		SolutionGuid = {B7348F07-E94A-40B0-96D4-83D4E5491783}
	EndGlobalSection
EndGlobal
